
Microsoft Visual Studio Solution File, Format Version 12.00
# Visual Studio Version 16
VisualStudioVersion = 16.0.30621.155
MinimumVisualStudioVersion = 10.0.40219.1
Project("{FAE04EC0-301F-11D3-BF4B-00C04F79EFBC}") = "homework", "homework\homework.csproj", "{5A35E57B-F9F6-42B5-961F-70324CEFDB6F}"
EndProject
Global
	GlobalSection(SolutionConfigurationPlatforms) = preSolution
		Debug|Any CPU = Debug|Any CPU
		Release|Any CPU = Release|Any CPU
	EndGlobalSection
	GlobalSection(ProjectConfigurationPlatforms) = postSolution
		{5A35E57B-F9F6-42B5-961F-70324CEFDB6F}.Debug|Any CPU.ActiveCfg = Debug|Any CPU
		{5A35E57B-F9F6-42B5-961F-70324CEFDB6F}.Debug|Any CPU.Build.0 = Debug|Any CPU
		{5A35E57B-F9F6-42B5-961F-70324CEFDB6F}.Release|Any CPU.ActiveCfg = Release|Any CPU
		{5A35E57B-F9F6-42B5-961F-70324CEFDB6F}.Release|Any CPU.Build.0 = Release|Any CPU
	EndGlobalSection
	GlobalSection(SolutionProperties) = preSolution
		HideSolutionNode = FALSE
	EndGlobalSection
	GlobalSection(ExtensibilityGlobals) = postSolution
		SolutionGuid = {89001926-213B-4687-933A-7776AC953353}
	EndGlobalSection
EndGlobal
