
Microsoft Visual Studio Solution File, Format Version 12.00
# Visual Studio Version 16
VisualStudioVersion = 16.0.30621.155
MinimumVisualStudioVersion = 10.0.40219.1
Project("{FAE04EC0-301F-11D3-BF4B-00C04F79EFBC}") = "Hausaufgabe", "Hausaufgabe.csproj", "{3962D160-BCDC-438E-9B5D-6903B573F176}"
EndProject
Global
	GlobalSection(SolutionConfigurationPlatforms) = preSolution
		Debug|Any CPU = Debug|Any CPU
		Release|Any CPU = Release|Any CPU
	EndGlobalSection
	GlobalSection(ProjectConfigurationPlatforms) = postSolution
		{3962D160-BCDC-438E-9B5D-6903B573F176}.Debug|Any CPU.ActiveCfg = Debug|Any CPU
		{3962D160-BCDC-438E-9B5D-6903B573F176}.Debug|Any CPU.Build.0 = Debug|Any CPU
		{3962D160-BCDC-438E-9B5D-6903B573F176}.Release|Any CPU.ActiveCfg = Release|Any CPU
		{3962D160-BCDC-438E-9B5D-6903B573F176}.Release|Any CPU.Build.0 = Release|Any CPU
	EndGlobalSection
	GlobalSection(SolutionProperties) = preSolution
		HideSolutionNode = FALSE
	EndGlobalSection
	GlobalSection(ExtensibilityGlobals) = postSolution
		SolutionGuid = {28073FAD-978F-44F8-B85B-E7B0A1C9309D}
	EndGlobalSection
EndGlobal
